
Microsoft Visual Studio Solution File, Format Version 12.00
Project("{FAE04EC0-301F-11D3-BF4B-00C04F79EFBC}") = "WebApp", "WebApp\WebApp.csproj", "{9C35B9A7-CFF7-4EC2-A733-92A7C73BA04B}"
EndProject
Project("{FAE04EC0-301F-11D3-BF4B-00C04F79EFBC}") = "Domain", "Domain\Domain.csproj", "{2C62F87E-FAF6-49D0-8175-5DF70F15E599}"
EndProject
Project("{FAE04EC0-301F-11D3-BF4B-00C04F79EFBC}") = "DAL", "DAL\DAL.csproj", "{D6AC1C6A-F35E-4F07-9A31-BAAB7B423781}"
EndProject
Global
	GlobalSection(SolutionConfigurationPlatforms) = preSolution
		Debug|Any CPU = Debug|Any CPU
		Release|Any CPU = Release|Any CPU
	EndGlobalSection
	GlobalSection(ProjectConfigurationPlatforms) = postSolution
		{9C35B9A7-CFF7-4EC2-A733-92A7C73BA04B}.Debug|Any CPU.ActiveCfg = Debug|Any CPU
		{9C35B9A7-CFF7-4EC2-A733-92A7C73BA04B}.Debug|Any CPU.Build.0 = Debug|Any CPU
		{9C35B9A7-CFF7-4EC2-A733-92A7C73BA04B}.Release|Any CPU.ActiveCfg = Release|Any CPU
		{9C35B9A7-CFF7-4EC2-A733-92A7C73BA04B}.Release|Any CPU.Build.0 = Release|Any CPU
		{2C62F87E-FAF6-49D0-8175-5DF70F15E599}.Debug|Any CPU.ActiveCfg = Debug|Any CPU
		{2C62F87E-FAF6-49D0-8175-5DF70F15E599}.Debug|Any CPU.Build.0 = Debug|Any CPU
		{2C62F87E-FAF6-49D0-8175-5DF70F15E599}.Release|Any CPU.ActiveCfg = Release|Any CPU
		{2C62F87E-FAF6-49D0-8175-5DF70F15E599}.Release|Any CPU.Build.0 = Release|Any CPU
		{D6AC1C6A-F35E-4F07-9A31-BAAB7B423781}.Debug|Any CPU.ActiveCfg = Debug|Any CPU
		{D6AC1C6A-F35E-4F07-9A31-BAAB7B423781}.Debug|Any CPU.Build.0 = Debug|Any CPU
		{D6AC1C6A-F35E-4F07-9A31-BAAB7B423781}.Release|Any CPU.ActiveCfg = Release|Any CPU
		{D6AC1C6A-F35E-4F07-9A31-BAAB7B423781}.Release|Any CPU.Build.0 = Release|Any CPU
	EndGlobalSection
EndGlobal
